
Microsoft Visual Studio Solution File, Format Version 12.00
# Visual Studio 14
VisualStudioVersion = 14.0.25420.1
MinimumVisualStudioVersion = 10.0.40219.1
Project("{FAE04EC0-301F-11D3-BF4B-00C04F79EFBC}") = "IotWeb NET45", "IotWeb NET45\IotWeb NET45.csproj", "{33F56077-18E3-414D-BCC1-496790AAEA93}"
EndProject
Project("{FAE04EC0-301F-11D3-BF4B-00C04F79EFBC}") = "IotWeb Portable", "IotWeb Portable\IotWeb Portable.csproj", "{E788CA1A-9838-48A1-A961-1137E74EAF70}"
EndProject
Project("{FAE04EC0-301F-11D3-BF4B-00C04F79EFBC}") = "WebHost Desktop", "WebHost Desktop\WebHost Desktop.csproj", "{E7A04CB1-7EB0-4B03-BEA3-E7210EA2A6D8}"
EndProject
Project("{FAE04EC0-301F-11D3-BF4B-00C04F79EFBC}") = "IotWeb UWP", "IotWeb UWP\IotWeb UWP.csproj", "{EE7A0ED2-5249-4D5A-A030-E4D15A72E24E}"
EndProject
Project("{FAE04EC0-301F-11D3-BF4B-00C04F79EFBC}") = "WebHost UWP", "WebHost UWP\WebHost UWP.csproj", "{9CE5E5EB-AC65-4DBD-B637-A6D639CD3B5E}"
EndProject
Global
	GlobalSection(SolutionConfigurationPlatforms) = preSolution
		Debug|Any CPU = Debug|Any CPU
		Debug|ARM = Debug|ARM
		Debug|x64 = Debug|x64
		Debug|x86 = Debug|x86
		Release|Any CPU = Release|Any CPU
		Release|ARM = Release|ARM
		Release|x64 = Release|x64
		Release|x86 = Release|x86
	EndGlobalSection
	GlobalSection(ProjectConfigurationPlatforms) = postSolution
		{33F56077-18E3-414D-BCC1-496790AAEA93}.Debug|Any CPU.ActiveCfg = Debug|Any CPU
		{33F56077-18E3-414D-BCC1-496790AAEA93}.Debug|Any CPU.Build.0 = Debug|Any CPU
		{33F56077-18E3-414D-BCC1-496790AAEA93}.Debug|ARM.ActiveCfg = Debug|Any CPU
		{33F56077-18E3-414D-BCC1-496790AAEA93}.Debug|ARM.Build.0 = Debug|Any CPU
		{33F56077-18E3-414D-BCC1-496790AAEA93}.Debug|x64.ActiveCfg = Debug|Any CPU
		{33F56077-18E3-414D-BCC1-496790AAEA93}.Debug|x64.Build.0 = Debug|Any CPU
		{33F56077-18E3-414D-BCC1-496790AAEA93}.Debug|x86.ActiveCfg = Debug|Any CPU
		{33F56077-18E3-414D-BCC1-496790AAEA93}.Debug|x86.Build.0 = Debug|Any CPU
		{33F56077-18E3-414D-BCC1-496790AAEA93}.Release|Any CPU.ActiveCfg = Release|Any CPU
		{33F56077-18E3-414D-BCC1-496790AAEA93}.Release|Any CPU.Build.0 = Release|Any CPU
		{33F56077-18E3-414D-BCC1-496790AAEA93}.Release|ARM.ActiveCfg = Release|x64
		{33F56077-18E3-414D-BCC1-496790AAEA93}.Release|ARM.Build.0 = Release|x64
		{33F56077-18E3-414D-BCC1-496790AAEA93}.Release|x64.ActiveCfg = Release|Any CPU
		{33F56077-18E3-414D-BCC1-496790AAEA93}.Release|x64.Build.0 = Release|Any CPU
		{33F56077-18E3-414D-BCC1-496790AAEA93}.Release|x86.ActiveCfg = Release|Any CPU
		{33F56077-18E3-414D-BCC1-496790AAEA93}.Release|x86.Build.0 = Release|Any CPU
		{E788CA1A-9838-48A1-A961-1137E74EAF70}.Debug|Any CPU.ActiveCfg = Debug|Any CPU
		{E788CA1A-9838-48A1-A961-1137E74EAF70}.Debug|Any CPU.Build.0 = Debug|Any CPU
		{E788CA1A-9838-48A1-A961-1137E74EAF70}.Debug|ARM.ActiveCfg = Debug|Any CPU
		{E788CA1A-9838-48A1-A961-1137E74EAF70}.Debug|ARM.Build.0 = Debug|Any CPU
		{E788CA1A-9838-48A1-A961-1137E74EAF70}.Debug|x64.ActiveCfg = Debug|Any CPU
		{E788CA1A-9838-48A1-A961-1137E74EAF70}.Debug|x64.Build.0 = Debug|Any CPU
		{E788CA1A-9838-48A1-A961-1137E74EAF70}.Debug|x86.ActiveCfg = Debug|Any CPU
		{E788CA1A-9838-48A1-A961-1137E74EAF70}.Debug|x86.Build.0 = Debug|Any CPU
		{E788CA1A-9838-48A1-A961-1137E74EAF70}.Release|Any CPU.ActiveCfg = Release|Any CPU
		{E788CA1A-9838-48A1-A961-1137E74EAF70}.Release|Any CPU.Build.0 = Release|Any CPU
		{E788CA1A-9838-48A1-A961-1137E74EAF70}.Release|ARM.ActiveCfg = Release|x64
		{E788CA1A-9838-48A1-A961-1137E74EAF70}.Release|ARM.Build.0 = Release|x64
		{E788CA1A-9838-48A1-A961-1137E74EAF70}.Release|x64.ActiveCfg = Release|Any CPU
		{E788CA1A-9838-48A1-A961-1137E74EAF70}.Release|x64.Build.0 = Release|Any CPU
		{E788CA1A-9838-48A1-A961-1137E74EAF70}.Release|x86.ActiveCfg = Release|Any CPU
		{E788CA1A-9838-48A1-A961-1137E74EAF70}.Release|x86.Build.0 = Release|Any CPU
		{E7A04CB1-7EB0-4B03-BEA3-E7210EA2A6D8}.Debug|Any CPU.ActiveCfg = Debug|Any CPU
		{E7A04CB1-7EB0-4B03-BEA3-E7210EA2A6D8}.Debug|Any CPU.Build.0 = Debug|Any CPU
		{E7A04CB1-7EB0-4B03-BEA3-E7210EA2A6D8}.Debug|ARM.ActiveCfg = Debug|Any CPU
		{E7A04CB1-7EB0-4B03-BEA3-E7210EA2A6D8}.Debug|ARM.Build.0 = Debug|Any CPU
		{E7A04CB1-7EB0-4B03-BEA3-E7210EA2A6D8}.Debug|x64.ActiveCfg = Debug|Any CPU
		{E7A04CB1-7EB0-4B03-BEA3-E7210EA2A6D8}.Debug|x64.Build.0 = Debug|Any CPU
		{E7A04CB1-7EB0-4B03-BEA3-E7210EA2A6D8}.Debug|x86.ActiveCfg = Debug|Any CPU
		{E7A04CB1-7EB0-4B03-BEA3-E7210EA2A6D8}.Debug|x86.Build.0 = Debug|Any CPU
		{E7A04CB1-7EB0-4B03-BEA3-E7210EA2A6D8}.Release|Any CPU.ActiveCfg = Release|Any CPU
		{E7A04CB1-7EB0-4B03-BEA3-E7210EA2A6D8}.Release|Any CPU.Build.0 = Release|Any CPU
		{E7A04CB1-7EB0-4B03-BEA3-E7210EA2A6D8}.Release|ARM.ActiveCfg = Release|x64
		{E7A04CB1-7EB0-4B03-BEA3-E7210EA2A6D8}.Release|ARM.Build.0 = Release|x64
		{E7A04CB1-7EB0-4B03-BEA3-E7210EA2A6D8}.Release|x64.ActiveCfg = Release|Any CPU
		{E7A04CB1-7EB0-4B03-BEA3-E7210EA2A6D8}.Release|x64.Build.0 = Release|Any CPU
		{E7A04CB1-7EB0-4B03-BEA3-E7210EA2A6D8}.Release|x86.ActiveCfg = Release|Any CPU
		{E7A04CB1-7EB0-4B03-BEA3-E7210EA2A6D8}.Release|x86.Build.0 = Release|Any CPU
		{EE7A0ED2-5249-4D5A-A030-E4D15A72E24E}.Debug|Any CPU.ActiveCfg = Debug|Any CPU
		{EE7A0ED2-5249-4D5A-A030-E4D15A72E24E}.Debug|Any CPU.Build.0 = Debug|Any CPU
		{EE7A0ED2-5249-4D5A-A030-E4D15A72E24E}.Debug|ARM.ActiveCfg = Debug|ARM
		{EE7A0ED2-5249-4D5A-A030-E4D15A72E24E}.Debug|ARM.Build.0 = Debug|ARM
		{EE7A0ED2-5249-4D5A-A030-E4D15A72E24E}.Debug|x64.ActiveCfg = Debug|x64
		{EE7A0ED2-5249-4D5A-A030-E4D15A72E24E}.Debug|x64.Build.0 = Debug|x64
		{EE7A0ED2-5249-4D5A-A030-E4D15A72E24E}.Debug|x86.ActiveCfg = Debug|x86
		{EE7A0ED2-5249-4D5A-A030-E4D15A72E24E}.Debug|x86.Build.0 = Debug|x86
		{EE7A0ED2-5249-4D5A-A030-E4D15A72E24E}.Release|Any CPU.ActiveCfg = Release|Any CPU
		{EE7A0ED2-5249-4D5A-A030-E4D15A72E24E}.Release|Any CPU.Build.0 = Release|Any CPU
		{EE7A0ED2-5249-4D5A-A030-E4D15A72E24E}.Release|ARM.ActiveCfg = Release|x64
		{EE7A0ED2-5249-4D5A-A030-E4D15A72E24E}.Release|ARM.Build.0 = Release|x64
		{EE7A0ED2-5249-4D5A-A030-E4D15A72E24E}.Release|x64.ActiveCfg = Release|x64
		{EE7A0ED2-5249-4D5A-A030-E4D15A72E24E}.Release|x64.Build.0 = Release|x64
		{EE7A0ED2-5249-4D5A-A030-E4D15A72E24E}.Release|x86.ActiveCfg = Release|x86
		{EE7A0ED2-5249-4D5A-A030-E4D15A72E24E}.Release|x86.Build.0 = Release|x86
		{9CE5E5EB-AC65-4DBD-B637-A6D639CD3B5E}.Debug|Any CPU.ActiveCfg = Debug|x86
		{9CE5E5EB-AC65-4DBD-B637-A6D639CD3B5E}.Debug|Any CPU.Build.0 = Debug|x86
		{9CE5E5EB-AC65-4DBD-B637-A6D639CD3B5E}.Debug|Any CPU.Deploy.0 = Debug|x86
		{9CE5E5EB-AC65-4DBD-B637-A6D639CD3B5E}.Debug|ARM.ActiveCfg = Debug|ARM
		{9CE5E5EB-AC65-4DBD-B637-A6D639CD3B5E}.Debug|ARM.Build.0 = Debug|ARM
		{9CE5E5EB-AC65-4DBD-B637-A6D639CD3B5E}.Debug|ARM.Deploy.0 = Debug|ARM
		{9CE5E5EB-AC65-4DBD-B637-A6D639CD3B5E}.Debug|x64.ActiveCfg = Debug|x64
		{9CE5E5EB-AC65-4DBD-B637-A6D639CD3B5E}.Debug|x64.Build.0 = Debug|x64
		{9CE5E5EB-AC65-4DBD-B637-A6D639CD3B5E}.Debug|x64.Deploy.0 = Debug|x64
		{9CE5E5EB-AC65-4DBD-B637-A6D639CD3B5E}.Debug|x86.ActiveCfg = Debug|x86
		{9CE5E5EB-AC65-4DBD-B637-A6D639CD3B5E}.Debug|x86.Build.0 = Debug|x86
		{9CE5E5EB-AC65-4DBD-B637-A6D639CD3B5E}.Debug|x86.Deploy.0 = Debug|x86
		{9CE5E5EB-AC65-4DBD-B637-A6D639CD3B5E}.Release|Any CPU.ActiveCfg = Release|x86
		{9CE5E5EB-AC65-4DBD-B637-A6D639CD3B5E}.Release|ARM.ActiveCfg = Release|x64
		{9CE5E5EB-AC65-4DBD-B637-A6D639CD3B5E}.Release|ARM.Build.0 = Release|x64
		{9CE5E5EB-AC65-4DBD-B637-A6D639CD3B5E}.Release|ARM.Deploy.0 = Release|x64
		{9CE5E5EB-AC65-4DBD-B637-A6D639CD3B5E}.Release|x64.ActiveCfg = Release|x64
		{9CE5E5EB-AC65-4DBD-B637-A6D639CD3B5E}.Release|x64.Build.0 = Release|x64
		{9CE5E5EB-AC65-4DBD-B637-A6D639CD3B5E}.Release|x64.Deploy.0 = Release|x64
		{9CE5E5EB-AC65-4DBD-B637-A6D639CD3B5E}.Release|x86.ActiveCfg = Release|x86
		{9CE5E5EB-AC65-4DBD-B637-A6D639CD3B5E}.Release|x86.Build.0 = Release|x86
		{9CE5E5EB-AC65-4DBD-B637-A6D639CD3B5E}.Release|x86.Deploy.0 = Release|x86
	EndGlobalSection
	GlobalSection(SolutionProperties) = preSolution
		HideSolutionNode = FALSE
	EndGlobalSection
EndGlobal
